// !$*UTF8*$!
{
	archiveVersion = 1;
	classes = {
	};
	objectVersion = 48;
	objects = {

/* Begin PBXBuildFile section */
		96E17F8B229424A700785AD6 /* AMapPolylineManager.m in Sources */ = {isa = PBXBuildFile; fileRef = 96E17F6B229424A400785AD6 /* AMapPolylineManager.m */; };
		96E17F8C229424A700785AD6 /* AMapCallout.m in Sources */ = {isa = PBXBuildFile; fileRef = 96E17F6C229424A400785AD6 /* AMapCallout.m */; };
		96E17F8D229424A700785AD6 /* AMapMarkerManager.m in Sources */ = {isa = PBXBuildFile; fileRef = 96E17F6E229424A500785AD6 /* AMapMarkerManager.m */; };
		96E17F8E229424A700785AD6 /* AMapCircleManager.m in Sources */ = {isa = PBXBuildFile; fileRef = 96E17F6F229424A500785AD6 /* AMapCircleManager.m */; };
		96E17F8F229424A700785AD6 /* AMapOverlay.m in Sources */ = {isa = PBXBuildFile; fileRef = 96E17F71229424A500785AD6 /* AMapOverlay.m */; };
		96E17F90229424A700785AD6 /* AMapCalloutManager.m in Sources */ = {isa = PBXBuildFile; fileRef = 96E17F73229424A500785AD6 /* AMapCalloutManager.m */; };
		96E17F91229424A700785AD6 /* AMapView.m in Sources */ = {isa = PBXBuildFile; fileRef = 96E17F74229424A500785AD6 /* AMapView.m */; };
		96E17F92229424A700785AD6 /* AMapPolygon.m in Sources */ = {isa = PBXBuildFile; fileRef = 96E17F75229424A500785AD6 /* AMapPolygon.m */; };
		96E17F93229424A700785AD6 /* AMapPolyline.m in Sources */ = {isa = PBXBuildFile; fileRef = 96E17F79229424A500785AD6 /* AMapPolyline.m */; };
		96E17F94229424A700785AD6 /* AMapMarker.m in Sources */ = {isa = PBXBuildFile; fileRef = 96E17F7A229424A500785AD6 /* AMapMarker.m */; };
		96E17F95229424A700785AD6 /* AMapCircle.m in Sources */ = {isa = PBXBuildFile; fileRef = 96E17F7B229424A500785AD6 /* AMapCircle.m */; };
		96E17F96229424A700785AD6 /* AMapMultiPointManager.m in Sources */ = {isa = PBXBuildFile; fileRef = 96E17F7D229424A600785AD6 /* AMapMultiPointManager.m */; };
		96E17F97229424A700785AD6 /* RCTConvert+AMap3D.m in Sources */ = {isa = PBXBuildFile; fileRef = 96E17F7E229424A600785AD6 /* RCTConvert+AMap3D.m */; };
		96E17F98229424A700785AD6 /* AMapMultiPoint.m in Sources */ = {isa = PBXBuildFile; fileRef = 96E17F80229424A600785AD6 /* AMapMultiPoint.m */; };
		96E17F99229424A700785AD6 /* RNLocation.m in Sources */ = {isa = PBXBuildFile; fileRef = 96E17F82229424A600785AD6 /* RNLocation.m */; };
		96E17F9A229424A700785AD6 /* POISearch.m in Sources */ = {isa = PBXBuildFile; fileRef = 96E17F84229424A600785AD6 /* POISearch.m */; };
		96E17F9B229424A700785AD6 /* AMapPolygonManager.m in Sources */ = {isa = PBXBuildFile; fileRef = 96E17F85229424A600785AD6 /* AMapPolygonManager.m */; };
		96E17F9C229424A700785AD6 /* AMapViewManager.m in Sources */ = {isa = PBXBuildFile; fileRef = 96E17F86229424A600785AD6 /* AMapViewManager.m */; };
		96E17F9D229424A700785AD6 /* LocationStyle.m in Sources */ = {isa = PBXBuildFile; fileRef = 96E17F87229424A600785AD6 /* LocationStyle.m */; };
		96E17F9E229424A700785AD6 /* Coordinate.m in Sources */ = {isa = PBXBuildFile; fileRef = 96E17F89229424A700785AD6 /* Coordinate.m */; };
/* End PBXBuildFile section */

/* Begin PBXCopyFilesBuildPhase section */
		96D51BCF1FBAD31D006FB5BB /* CopyFiles */ = {
			isa = PBXCopyFilesBuildPhase;
			buildActionMask = 2147483647;
			dstPath = "include/$(PRODUCT_NAME)";
			dstSubfolderSpec = 16;
			files = (
			);
			runOnlyForDeploymentPostprocessing = 0;
		};
/* End PBXCopyFilesBuildPhase section */

/* Begin PBXFileReference section */
		96D51BD11FBAD31D006FB5BB /* libRNAMap.a */ = {isa = PBXFileReference; explicitFileType = archive.ar; includeInIndex = 0; path = libRNAMap.a; sourceTree = BUILT_PRODUCTS_DIR; };
		96E17F6B229424A400785AD6 /* AMapPolylineManager.m */ = {isa = PBXFileReference; fileEncoding = 4; lastKnownFileType = sourcecode.c.objc; path = AMapPolylineManager.m; sourceTree = "<group>"; };
		96E17F6C229424A400785AD6 /* AMapCallout.m */ = {isa = PBXFileReference; fileEncoding = 4; lastKnownFileType = sourcecode.c.objc; path = AMapCallout.m; sourceTree = "<group>"; };
		96E17F6D229424A400785AD6 /* AMapPolygon.h */ = {isa = PBXFileReference; fileEncoding = 4; lastKnownFileType = sourcecode.c.h; path = AMapPolygon.h; sourceTree = "<group>"; };
		96E17F6E229424A500785AD6 /* AMapMarkerManager.m */ = {isa = PBXFileReference; fileEncoding = 4; lastKnownFileType = sourcecode.c.objc; path = AMapMarkerManager.m; sourceTree = "<group>"; };
		96E17F6F229424A500785AD6 /* AMapCircleManager.m */ = {isa = PBXFileReference; fileEncoding = 4; lastKnownFileType = sourcecode.c.objc; path = AMapCircleManager.m; sourceTree = "<group>"; };
		96E17F70229424A500785AD6 /* AMapMultiPoint.h */ = {isa = PBXFileReference; fileEncoding = 4; lastKnownFileType = sourcecode.c.h; path = AMapMultiPoint.h; sourceTree = "<group>"; };
		96E17F71229424A500785AD6 /* AMapOverlay.m */ = {isa = PBXFileReference; fileEncoding = 4; lastKnownFileType = sourcecode.c.objc; path = AMapOverlay.m; sourceTree = "<group>"; };
		96E17F72229424A500785AD6 /* AMapCircle.h */ = {isa = PBXFileReference; fileEncoding = 4; lastKnownFileType = sourcecode.c.h; path = AMapCircle.h; sourceTree = "<group>"; };
		96E17F73229424A500785AD6 /* AMapCalloutManager.m */ = {isa = PBXFileReference; fileEncoding = 4; lastKnownFileType = sourcecode.c.objc; path = AMapCalloutManager.m; sourceTree = "<group>"; };
		96E17F74229424A500785AD6 /* AMapView.m */ = {isa = PBXFileReference; fileEncoding = 4; lastKnownFileType = sourcecode.c.objc; path = AMapView.m; sourceTree = "<group>"; };
		96E17F75229424A500785AD6 /* AMapPolygon.m */ = {isa = PBXFileReference; fileEncoding = 4; lastKnownFileType = sourcecode.c.objc; path = AMapPolygon.m; sourceTree = "<group>"; };
		96E17F76229424A500785AD6 /* LocationStyle.h */ = {isa = PBXFileReference; fileEncoding = 4; lastKnownFileType = sourcecode.c.h; path = LocationStyle.h; sourceTree = "<group>"; };
		96E17F77229424A500785AD6 /* AMapCallout.h */ = {isa = PBXFileReference; fileEncoding = 4; lastKnownFileType = sourcecode.c.h; path = AMapCallout.h; sourceTree = "<group>"; };
		96E17F78229424A500785AD6 /* AMapOverlay.h */ = {isa = PBXFileReference; fileEncoding = 4; lastKnownFileType = sourcecode.c.h; path = AMapOverlay.h; sourceTree = "<group>"; };
		96E17F79229424A500785AD6 /* AMapPolyline.m */ = {isa = PBXFileReference; fileEncoding = 4; lastKnownFileType = sourcecode.c.objc; path = AMapPolyline.m; sourceTree = "<group>"; };
		96E17F7A229424A500785AD6 /* AMapMarker.m */ = {isa = PBXFileReference; fileEncoding = 4; lastKnownFileType = sourcecode.c.objc; path = AMapMarker.m; sourceTree = "<group>"; };
		96E17F7B229424A500785AD6 /* AMapCircle.m */ = {isa = PBXFileReference; fileEncoding = 4; lastKnownFileType = sourcecode.c.objc; path = AMapCircle.m; sourceTree = "<group>"; };
		96E17F7C229424A600785AD6 /* AMapView.h */ = {isa = PBXFileReference; fileEncoding = 4; lastKnownFileType = sourcecode.c.h; path = AMapView.h; sourceTree = "<group>"; };
		96E17F7D229424A600785AD6 /* AMapMultiPointManager.m */ = {isa = PBXFileReference; fileEncoding = 4; lastKnownFileType = sourcecode.c.objc; path = AMapMultiPointManager.m; sourceTree = "<group>"; };
		96E17F7E229424A600785AD6 /* RCTConvert+AMap3D.m */ = {isa = PBXFileReference; fileEncoding = 4; lastKnownFileType = sourcecode.c.objc; path = "RCTConvert+AMap3D.m"; sourceTree = "<group>"; };
		96E17F7F229424A600785AD6 /* AMapPolyline.h */ = {isa = PBXFileReference; fileEncoding = 4; lastKnownFileType = sourcecode.c.h; path = AMapPolyline.h; sourceTree = "<group>"; };
		96E17F80229424A600785AD6 /* AMapMultiPoint.m */ = {isa = PBXFileReference; fileEncoding = 4; lastKnownFileType = sourcecode.c.objc; path = AMapMultiPoint.m; sourceTree = "<group>"; };
		96E17F81229424A600785AD6 /* RNLocation.h */ = {isa = PBXFileReference; fileEncoding = 4; lastKnownFileType = sourcecode.c.h; path = RNLocation.h; sourceTree = "<group>"; };
		96E17F82229424A600785AD6 /* RNLocation.m */ = {isa = PBXFileReference; fileEncoding = 4; lastKnownFileType = sourcecode.c.objc; path = RNLocation.m; sourceTree = "<group>"; };
		96E17F83229424A600785AD6 /* AMapMarker.h */ = {isa = PBXFileReference; fileEncoding = 4; lastKnownFileType = sourcecode.c.h; path = AMapMarker.h; sourceTree = "<group>"; };
		96E17F84229424A600785AD6 /* POISearch.m */ = {isa = PBXFileReference; fileEncoding = 4; lastKnownFileType = sourcecode.c.objc; path = POISearch.m; sourceTree = "<group>"; };
		96E17F85229424A600785AD6 /* AMapPolygonManager.m */ = {isa = PBXFileReference; fileEncoding = 4; lastKnownFileType = sourcecode.c.objc; path = AMapPolygonManager.m; sourceTree = "<group>"; };
		96E17F86229424A600785AD6 /* AMapViewManager.m */ = {isa = PBXFileReference; fileEncoding = 4; lastKnownFileType = sourcecode.c.objc; path = AMapViewManager.m; sourceTree = "<group>"; };
		96E17F87229424A600785AD6 /* LocationStyle.m */ = {isa = PBXFileReference; fileEncoding = 4; lastKnownFileType = sourcecode.c.objc; path = LocationStyle.m; sourceTree = "<group>"; };
		96E17F88229424A600785AD6 /* Coordinate.h */ = {isa = PBXFileReference; fileEncoding = 4; lastKnownFileType = sourcecode.c.h; path = Coordinate.h; sourceTree = "<group>"; };
		96E17F89229424A700785AD6 /* Coordinate.m */ = {isa = PBXFileReference; fileEncoding = 4; lastKnownFileType = sourcecode.c.objc; path = Coordinate.m; sourceTree = "<group>"; };
		96E17F8A229424A700785AD6 /* POISearch.h */ = {isa = PBXFileReference; fileEncoding = 4; lastKnownFileType = sourcecode.c.h; path = POISearch.h; sourceTree = "<group>"; };
/* End PBXFileReference section */

/* Begin PBXFrameworksBuildPhase section */
		96D51BCE1FBAD31D006FB5BB /* Frameworks */ = {
			isa = PBXFrameworksBuildPhase;
			buildActionMask = 2147483647;
			files = (
			);
			runOnlyForDeploymentPostprocessing = 0;
		};
/* End PBXFrameworksBuildPhase section */

/* Begin PBXGroup section */
		96D51BC81FBAD31D006FB5BB = {
			isa = PBXGroup;
			children = (
				96D51BD31FBAD31D006FB5BB /* RNAMap */,
				96D51BD21FBAD31D006FB5BB /* Products */,
			);
			sourceTree = "<group>";
		};
		96D51BD21FBAD31D006FB5BB /* Products */ = {
			isa = PBXGroup;
			children = (
				96D51BD11FBAD31D006FB5BB /* libRNAMap.a */,
			);
			name = Products;
			sourceTree = "<group>";
		};
		96D51BD31FBAD31D006FB5BB /* RNAMap */ = {
			isa = PBXGroup;
			children = (
				96E17F77229424A500785AD6 /* AMapCallout.h */,
				96E17F6C229424A400785AD6 /* AMapCallout.m */,
				96E17F73229424A500785AD6 /* AMapCalloutManager.m */,
				96E17F72229424A500785AD6 /* AMapCircle.h */,
				96E17F7B229424A500785AD6 /* AMapCircle.m */,
				96E17F6F229424A500785AD6 /* AMapCircleManager.m */,
				96E17F83229424A600785AD6 /* AMapMarker.h */,
				96E17F7A229424A500785AD6 /* AMapMarker.m */,
				96E17F6E229424A500785AD6 /* AMapMarkerManager.m */,
				96E17F70229424A500785AD6 /* AMapMultiPoint.h */,
				96E17F80229424A600785AD6 /* AMapMultiPoint.m */,
				96E17F7D229424A600785AD6 /* AMapMultiPointManager.m */,
				96E17F78229424A500785AD6 /* AMapOverlay.h */,
				96E17F71229424A500785AD6 /* AMapOverlay.m */,
				96E17F6D229424A400785AD6 /* AMapPolygon.h */,
				96E17F75229424A500785AD6 /* AMapPolygon.m */,
				96E17F85229424A600785AD6 /* AMapPolygonManager.m */,
				96E17F7F229424A600785AD6 /* AMapPolyline.h */,
				96E17F79229424A500785AD6 /* AMapPolyline.m */,
				96E17F6B229424A400785AD6 /* AMapPolylineManager.m */,
				96E17F7C229424A600785AD6 /* AMapView.h */,
				96E17F74229424A500785AD6 /* AMapView.m */,
				96E17F86229424A600785AD6 /* AMapViewManager.m */,
				96E17F88229424A600785AD6 /* Coordinate.h */,
				96E17F89229424A700785AD6 /* Coordinate.m */,
				96E17F76229424A500785AD6 /* LocationStyle.h */,
				96E17F87229424A600785AD6 /* LocationStyle.m */,
				96E17F8A229424A700785AD6 /* POISearch.h */,
				96E17F84229424A600785AD6 /* POISearch.m */,
				96E17F7E229424A600785AD6 /* RCTConvert+AMap3D.m */,
				96E17F81229424A600785AD6 /* RNLocation.h */,
				96E17F82229424A600785AD6 /* RNLocation.m */,
			);
			path = RNAMap;
			sourceTree = "<group>";
		};
/* End PBXGroup section */

/* Begin PBXNativeTarget section */
		96D51BD01FBAD31D006FB5BB /* RNAMap */ = {
			isa = PBXNativeTarget;
			buildConfigurationList = 96D51BDA1FBAD31D006FB5BB /* Build configuration list for PBXNativeTarget "RNAMap" */;
			buildPhases = (
				96D51BCD1FBAD31D006FB5BB /* Sources */,
				96D51BCE1FBAD31D006FB5BB /* Frameworks */,
				96D51BCF1FBAD31D006FB5BB /* CopyFiles */,
			);
			buildRules = (
			);
			dependencies = (
			);
			name = RNAMap;
			productName = RNAMap;
			productReference = 96D51BD11FBAD31D006FB5BB /* libRNAMap.a */;
			productType = "com.apple.product-type.library.static";
		};
/* End PBXNativeTarget section */

/* Begin PBXProject section */
		96D51BC91FBAD31D006FB5BB /* Project object */ = {
			isa = PBXProject;
			attributes = {
				LastUpgradeCheck = 0900;
				ORGANIZATIONNAME = Jason;
				TargetAttributes = {
					96D51BD01FBAD31D006FB5BB = {
						CreatedOnToolsVersion = 9.0.1;
						ProvisioningStyle = Automatic;
					};
				};
			};
			buildConfigurationList = 96D51BCC1FBAD31D006FB5BB /* Build configuration list for PBXProject "RNAMap" */;
			compatibilityVersion = "Xcode 8.0";
			developmentRegion = en;
			hasScannedForEncodings = 0;
			knownRegions = (
				en,
			);
			mainGroup = 96D51BC81FBAD31D006FB5BB;
			productRefGroup = 96D51BD21FBAD31D006FB5BB /* Products */;
			projectDirPath = "";
			projectRoot = "";
			targets = (
				96D51BD01FBAD31D006FB5BB /* RNAMap */,
			);
		};
/* End PBXProject section */

/* Begin PBXSourcesBuildPhase section */
		96D51BCD1FBAD31D006FB5BB /* Sources */ = {
			isa = PBXSourcesBuildPhase;
			buildActionMask = 2147483647;
			files = (
				96E17F99229424A700785AD6 /* RNLocation.m in Sources */,
				96E17F8B229424A700785AD6 /* AMapPolylineManager.m in Sources */,
				96E17F96229424A700785AD6 /* AMapMultiPointManager.m in Sources */,
				96E17F9E229424A700785AD6 /* Coordinate.m in Sources */,
				96E17F97229424A700785AD6 /* RCTConvert+AMap3D.m in Sources */,
				96E17F9A229424A700785AD6 /* POISearch.m in Sources */,
				96E17F93229424A700785AD6 /* AMapPolyline.m in Sources */,
				96E17F95229424A700785AD6 /* AMapCircle.m in Sources */,
				96E17F9C229424A700785AD6 /* AMapViewManager.m in Sources */,
				96E17F94229424A700785AD6 /* AMapMarker.m in Sources */,
				96E17F8C229424A700785AD6 /* AMapCallout.m in Sources */,
				96E17F9D229424A700785AD6 /* LocationStyle.m in Sources */,
				96E17F98229424A700785AD6 /* AMapMultiPoint.m in Sources */,
				96E17F8E229424A700785AD6 /* AMapCircleManager.m in Sources */,
				96E17F91229424A700785AD6 /* AMapView.m in Sources */,
				96E17F90229424A700785AD6 /* AMapCalloutManager.m in Sources */,
				96E17F8F229424A700785AD6 /* AMapOverlay.m in Sources */,
				96E17F8D229424A700785AD6 /* AMapMarkerManager.m in Sources */,
				96E17F9B229424A700785AD6 /* AMapPolygonManager.m in Sources */,
				96E17F92229424A700785AD6 /* AMapPolygon.m in Sources */,
			);
			runOnlyForDeploymentPostprocessing = 0;
		};
/* End PBXSourcesBuildPhase section */

/* Begin XCBuildConfiguration section */
		96D51BD81FBAD31D006FB5BB /* Debug */ = {
			isa = XCBuildConfiguration;
			buildSettings = {
				ALWAYS_SEARCH_USER_PATHS = NO;
				CLANG_ANALYZER_NONNULL = YES;
				CLANG_ANALYZER_NUMBER_OBJECT_CONVERSION = YES_AGGRESSIVE;
				CLANG_CXX_LANGUAGE_STANDARD = "gnu++14";
				CLANG_CXX_LIBRARY = "libc++";
				CLANG_ENABLE_MODULES = YES;
				CLANG_ENABLE_OBJC_ARC = YES;
				CLANG_WARN_BLOCK_CAPTURE_AUTORELEASING = YES;
				CLANG_WARN_BOOL_CONVERSION = YES;
				CLANG_WARN_COMMA = YES;
				CLANG_WARN_CONSTANT_CONVERSION = YES;
				CLANG_WARN_DIRECT_OBJC_ISA_USAGE = YES_ERROR;
				CLANG_WARN_DOCUMENTATION_COMMENTS = YES;
				CLANG_WARN_EMPTY_BODY = YES;
				CLANG_WARN_ENUM_CONVERSION = YES;
				CLANG_WARN_INFINITE_RECURSION = YES;
				CLANG_WARN_INT_CONVERSION = YES;
				CLANG_WARN_NON_LITERAL_NULL_CONVERSION = YES;
				CLANG_WARN_OBJC_LITERAL_CONVERSION = YES;
				CLANG_WARN_OBJC_ROOT_CLASS = YES_ERROR;
				CLANG_WARN_RANGE_LOOP_ANALYSIS = YES;
				CLANG_WARN_STRICT_PROTOTYPES = YES;
				CLANG_WARN_SUSPICIOUS_MOVE = YES;
				CLANG_WARN_UNGUARDED_AVAILABILITY = YES_AGGRESSIVE;
				CLANG_WARN_UNREACHABLE_CODE = YES;
				CLANG_WARN__DUPLICATE_METHOD_MATCH = YES;
				CODE_SIGN_IDENTITY = "iPhone Developer";
				COPY_PHASE_STRIP = NO;
				DEBUG_INFORMATION_FORMAT = dwarf;
				ENABLE_STRICT_OBJC_MSGSEND = YES;
				ENABLE_TESTABILITY = YES;
				GCC_C_LANGUAGE_STANDARD = gnu11;
				GCC_DYNAMIC_NO_PIC = NO;
				GCC_NO_COMMON_BLOCKS = YES;
				GCC_OPTIMIZATION_LEVEL = 0;
				GCC_PREPROCESSOR_DEFINITIONS = (
					"DEBUG=1",
					"$(inherited)",
				);
				GCC_WARN_64_TO_32_BIT_CONVERSION = YES;
				GCC_WARN_ABOUT_RETURN_TYPE = YES_ERROR;
				GCC_WARN_UNDECLARED_SELECTOR = YES;
				GCC_WARN_UNINITIALIZED_AUTOS = YES_AGGRESSIVE;
				GCC_WARN_UNUSED_FUNCTION = YES;
				GCC_WARN_UNUSED_VARIABLE = YES;
				IPHONEOS_DEPLOYMENT_TARGET = 9.0;
				MTL_ENABLE_DEBUG_INFO = YES;
				ONLY_ACTIVE_ARCH = YES;
				SDKROOT = iphoneos;
			};
			name = Debug;
		};
		96D51BD91FBAD31D006FB5BB /* Release */ = {
			isa = XCBuildConfiguration;
			buildSettings = {
				ALWAYS_SEARCH_USER_PATHS = NO;
				CLANG_ANALYZER_NONNULL = YES;
				CLANG_ANALYZER_NUMBER_OBJECT_CONVERSION = YES_AGGRESSIVE;
				CLANG_CXX_LANGUAGE_STANDARD = "gnu++14";
				CLANG_CXX_LIBRARY = "libc++";
				CLANG_ENABLE_MODULES = YES;
				CLANG_ENABLE_OBJC_ARC = YES;
				CLANG_WARN_BLOCK_CAPTURE_AUTORELEASING = YES;
				CLANG_WARN_BOOL_CONVERSION = YES;
				CLANG_WARN_COMMA = YES;
				CLANG_WARN_CONSTANT_CONVERSION = YES;
				CLANG_WARN_DIRECT_OBJC_ISA_USAGE = YES_ERROR;
				CLANG_WARN_DOCUMENTATION_COMMENTS = YES;
				CLANG_WARN_EMPTY_BODY = YES;
				CLANG_WARN_ENUM_CONVERSION = YES;
				CLANG_WARN_INFINITE_RECURSION = YES;
				CLANG_WARN_INT_CONVERSION = YES;
				CLANG_WARN_NON_LITERAL_NULL_CONVERSION = YES;
				CLANG_WARN_OBJC_LITERAL_CONVERSION = YES;
				CLANG_WARN_OBJC_ROOT_CLASS = YES_ERROR;
				CLANG_WARN_RANGE_LOOP_ANALYSIS = YES;
				CLANG_WARN_STRICT_PROTOTYPES = YES;
				CLANG_WARN_SUSPICIOUS_MOVE = YES;
				CLANG_WARN_UNGUARDED_AVAILABILITY = YES_AGGRESSIVE;
				CLANG_WARN_UNREACHABLE_CODE = YES;
				CLANG_WARN__DUPLICATE_METHOD_MATCH = YES;
				CODE_SIGN_IDENTITY = "iPhone Developer";
				COPY_PHASE_STRIP = NO;
				DEBUG_INFORMATION_FORMAT = "dwarf-with-dsym";
				ENABLE_NS_ASSERTIONS = NO;
				ENABLE_STRICT_OBJC_MSGSEND = YES;
				GCC_C_LANGUAGE_STANDARD = gnu11;
				GCC_NO_COMMON_BLOCKS = YES;
				GCC_WARN_64_TO_32_BIT_CONVERSION = YES;
				GCC_WARN_ABOUT_RETURN_TYPE = YES_ERROR;
				GCC_WARN_UNDECLARED_SELECTOR = YES;
				GCC_WARN_UNINITIALIZED_AUTOS = YES_AGGRESSIVE;
				GCC_WARN_UNUSED_FUNCTION = YES;
				GCC_WARN_UNUSED_VARIABLE = YES;
				IPHONEOS_DEPLOYMENT_TARGET = 9.0;
				MTL_ENABLE_DEBUG_INFO = NO;
				SDKROOT = iphoneos;
				VALIDATE_PRODUCT = YES;
			};
			name = Release;
		};
		96D51BDB1FBAD31D006FB5BB /* Debug */ = {
			isa = XCBuildConfiguration;
			buildSettings = {
				CODE_SIGN_STYLE = Automatic;
				FRAMEWORK_SEARCH_PATHS = (
					"$(SRCROOT)/../../../ios/Pods/AMapFoundation-NO-IDFA",
					"$(SRCROOT)/../../../ios/Pods/AMapLocation-NO-IDFA",
					"$(SRCROOT)/../../../ios/Pods/AMap3DMap-NO-IDFA",
					"$(SRCROOT)/../../../ios/Pods/AMapNavi-NO-IDFA",
					"$(SRCROOT)/../../../ios/Pods/AMapSearch-NO-IDFA",
				);
				HEADER_SEARCH_PATHS = (
					"$(SRCROOT)/../../react-native/React/**",
					"$(inherited)",
				);
				IPHONEOS_DEPLOYMENT_TARGET = 9.0;
				OTHER_LDFLAGS = "-ObjC";
				PRODUCT_NAME = "$(TARGET_NAME)";
				SKIP_INSTALL = YES;
				TARGETED_DEVICE_FAMILY = 1;
			};
			name = Debug;
		};
		96D51BDC1FBAD31D006FB5BB /* Release */ = {
			isa = XCBuildConfiguration;
			buildSettings = {
				CODE_SIGN_STYLE = Automatic;
				FRAMEWORK_SEARCH_PATHS = (
					"$(SRCROOT)/../../../ios/Pods/AMapFoundation-NO-IDFA",
					"$(SRCROOT)/../../../ios/Pods/AMapLocation-NO-IDFA",
					"$(SRCROOT)/../../../ios/Pods/AMap3DMap-NO-IDFA",
					"$(SRCROOT)/../../../ios/Pods/AMapNavi-NO-IDFA",
					"$(SRCROOT)/../../../ios/Pods/AMapSearch-NO-IDFA",
				);
				HEADER_SEARCH_PATHS = (
					"$(SRCROOT)/../../react-native/React/**",
					"$(inherited)",
				);
				IPHONEOS_DEPLOYMENT_TARGET = 9.0;
				OTHER_LDFLAGS = "-ObjC";
				PRODUCT_NAME = "$(TARGET_NAME)";
				SKIP_INSTALL = YES;
				TARGETED_DEVICE_FAMILY = 1;
			};
			name = Release;
		};
/* End XCBuildConfiguration section */

/* Begin XCConfigurationList section */
		96D51BCC1FBAD31D006FB5BB /* Build configuration list for PBXProject "RNAMap" */ = {
			isa = XCConfigurationList;
			buildConfigurations = (
				96D51BD81FBAD31D006FB5BB /* Debug */,
				96D51BD91FBAD31D006FB5BB /* Release */,
			);
			defaultConfigurationIsVisible = 0;
			defaultConfigurationName = Release;
		};
		96D51BDA1FBAD31D006FB5BB /* Build configuration list for PBXNativeTarget "RNAMap" */ = {
			isa = XCConfigurationList;
			buildConfigurations = (
				96D51BDB1FBAD31D006FB5BB /* Debug */,
				96D51BDC1FBAD31D006FB5BB /* Release */,
			);
			defaultConfigurationIsVisible = 0;
			defaultConfigurationName = Release;
		};
/* End XCConfigurationList section */
	};
	rootObject = 96D51BC91FBAD31D006FB5BB /* Project object */;
}
